
Microsoft Visual Studio Solution File, Format Version 12.00
# Visual Studio Version 17
VisualStudioVersion = 17.8.34330.188
MinimumVisualStudioVersion = 10.0.40219.1
Project("{FAE04EC0-301F-11D3-BF4B-00C04F79EFBC}") = "BookTest.API", "BookTest.API\BookTest.API.csproj", "{71D87D98-6097-4E76-B2F6-DEFB23473B40}"
EndProject
Project("{FAE04EC0-301F-11D3-BF4B-00C04F79EFBC}") = "BookTest.Data", "BookTest.Data\BookTest.Data.csproj", "{9971F575-9559-4016-93B8-89A8C3216F5C}"
EndProject
Project("{FAE04EC0-301F-11D3-BF4B-00C04F79EFBC}") = "BookTest.Common", "BookTest.Common\BookTest.Common.csproj", "{FA1F36D2-FA0B-4975-9D03-3726645AF61B}"
EndProject
Global
	GlobalSection(SolutionConfigurationPlatforms) = preSolution
		Debug|Any CPU = Debug|Any CPU
		Release|Any CPU = Release|Any CPU
	EndGlobalSection
	GlobalSection(ProjectConfigurationPlatforms) = postSolution
		{71D87D98-6097-4E76-B2F6-DEFB23473B40}.Debug|Any CPU.ActiveCfg = Debug|Any CPU
		{71D87D98-6097-4E76-B2F6-DEFB23473B40}.Debug|Any CPU.Build.0 = Debug|Any CPU
		{71D87D98-6097-4E76-B2F6-DEFB23473B40}.Release|Any CPU.ActiveCfg = Release|Any CPU
		{71D87D98-6097-4E76-B2F6-DEFB23473B40}.Release|Any CPU.Build.0 = Release|Any CPU
		{9971F575-9559-4016-93B8-89A8C3216F5C}.Debug|Any CPU.ActiveCfg = Debug|Any CPU
		{9971F575-9559-4016-93B8-89A8C3216F5C}.Debug|Any CPU.Build.0 = Debug|Any CPU
		{9971F575-9559-4016-93B8-89A8C3216F5C}.Release|Any CPU.ActiveCfg = Release|Any CPU
		{9971F575-9559-4016-93B8-89A8C3216F5C}.Release|Any CPU.Build.0 = Release|Any CPU
		{FA1F36D2-FA0B-4975-9D03-3726645AF61B}.Debug|Any CPU.ActiveCfg = Debug|Any CPU
		{FA1F36D2-FA0B-4975-9D03-3726645AF61B}.Debug|Any CPU.Build.0 = Debug|Any CPU
		{FA1F36D2-FA0B-4975-9D03-3726645AF61B}.Release|Any CPU.ActiveCfg = Release|Any CPU
		{FA1F36D2-FA0B-4975-9D03-3726645AF61B}.Release|Any CPU.Build.0 = Release|Any CPU
	EndGlobalSection
	GlobalSection(SolutionProperties) = preSolution
		HideSolutionNode = FALSE
	EndGlobalSection
	GlobalSection(ExtensibilityGlobals) = postSolution
		SolutionGuid = {ACB1A7DF-E4FC-459F-ABAC-64684DCE5B37}
	EndGlobalSection
EndGlobal
